// !$*UTF8*$!
{
	archiveVersion = 1;
	classes = {
	};
	objectVersion = 46;
	objects = {

/* Begin PBXBuildFile section */
		D00D84551CF84387004DF1EF /* facialExpression.swift in Sources */ = {isa = PBXBuildFile; fileRef = D00D84541CF84387004DF1EF /* facialExpression.swift */; };
		D0A928011CF004B400B3A286 /* AppDelegate.swift in Sources */ = {isa = PBXBuildFile; fileRef = D0A928001CF004B400B3A286 /* AppDelegate.swift */; };
		D0A928031CF004B400B3A286 /* FaceViewController.swift in Sources */ = {isa = PBXBuildFile; fileRef = D0A928021CF004B400B3A286 /* FaceViewController.swift */; };
		D0A928061CF004B400B3A286 /* Main.storyboard in Resources */ = {isa = PBXBuildFile; fileRef = D0A928041CF004B400B3A286 /* Main.storyboard */; };
		D0A928081CF004B400B3A286 /* Assets.xcassets in Resources */ = {isa = PBXBuildFile; fileRef = D0A928071CF004B400B3A286 /* Assets.xcassets */; };
		D0A9280B1CF004B400B3A286 /* LaunchScreen.storyboard in Resources */ = {isa = PBXBuildFile; fileRef = D0A928091CF004B400B3A286 /* LaunchScreen.storyboard */; };
		D0A928141CF005F200B3A286 /* FaceView.swift in Sources */ = {isa = PBXBuildFile; fileRef = D0A928131CF005F200B3A286 /* FaceView.swift */; };
/* End PBXBuildFile section */

/* Begin PBXFileReference section */
		D00D84541CF84387004DF1EF /* facialExpression.swift */ = {isa = PBXFileReference; fileEncoding = 4; lastKnownFileType = sourcecode.swift; path = facialExpression.swift; sourceTree = "<group>"; };
		D0A927FD1CF004B400B3A286 /* FaceIt.app */ = {isa = PBXFileReference; explicitFileType = wrapper.application; includeInIndex = 0; path = FaceIt.app; sourceTree = BUILT_PRODUCTS_DIR; };
		D0A928001CF004B400B3A286 /* AppDelegate.swift */ = {isa = PBXFileReference; lastKnownFileType = sourcecode.swift; path = AppDelegate.swift; sourceTree = "<group>"; };
		D0A928021CF004B400B3A286 /* FaceViewController.swift */ = {isa = PBXFileReference; lastKnownFileType = sourcecode.swift; path = FaceViewController.swift; sourceTree = "<group>"; };
		D0A928051CF004B400B3A286 /* Base */ = {isa = PBXFileReference; lastKnownFileType = file.storyboard; name = Base; path = Base.lproj/Main.storyboard; sourceTree = "<group>"; };
		D0A928071CF004B400B3A286 /* Assets.xcassets */ = {isa = PBXFileReference; lastKnownFileType = folder.assetcatalog; path = Assets.xcassets; sourceTree = "<group>"; };
		D0A9280A1CF004B400B3A286 /* Base */ = {isa = PBXFileReference; lastKnownFileType = file.storyboard; name = Base; path = Base.lproj/LaunchScreen.storyboard; sourceTree = "<group>"; };
		D0A9280C1CF004B400B3A286 /* Info.plist */ = {isa = PBXFileReference; lastKnownFileType = text.plist.xml; path = Info.plist; sourceTree = "<group>"; };
		D0A928131CF005F200B3A286 /* FaceView.swift */ = {isa = PBXFileReference; fileEncoding = 4; lastKnownFileType = sourcecode.swift; path = FaceView.swift; sourceTree = "<group>"; };
/* End PBXFileReference section */

/* Begin PBXFrameworksBuildPhase section */
		D0A927FA1CF004B400B3A286 /* Frameworks */ = {
			isa = PBXFrameworksBuildPhase;
			buildActionMask = 2147483647;
			files = (
			);
			runOnlyForDeploymentPostprocessing = 0;
		};
/* End PBXFrameworksBuildPhase section */

/* Begin PBXGroup section */
		D0A927F41CF004B400B3A286 = {
			isa = PBXGroup;
			children = (
				D0A927FF1CF004B400B3A286 /* FaceIt */,
				D0A927FE1CF004B400B3A286 /* Products */,
			);
			sourceTree = "<group>";
		};
		D0A927FE1CF004B400B3A286 /* Products */ = {
			isa = PBXGroup;
			children = (
				D0A927FD1CF004B400B3A286 /* FaceIt.app */,
			);
			name = Products;
			sourceTree = "<group>";
		};
		D0A927FF1CF004B400B3A286 /* FaceIt */ = {
			isa = PBXGroup;
			children = (
				D0A928021CF004B400B3A286 /* FaceViewController.swift */,
				D0A928131CF005F200B3A286 /* FaceView.swift */,
				D00D84541CF84387004DF1EF /* facialExpression.swift */,
				D0A928041CF004B400B3A286 /* Main.storyboard */,
				D0A928121CF004FE00B3A286 /* suuport File */,
			);
			path = FaceIt;
			sourceTree = "<group>";
		};
		D0A928121CF004FE00B3A286 /* suuport File */ = {
			isa = PBXGroup;
			children = (
				D0A9280C1CF004B400B3A286 /* Info.plist */,
				D0A928091CF004B400B3A286 /* LaunchScreen.storyboard */,
				D0A928071CF004B400B3A286 /* Assets.xcassets */,
				D0A928001CF004B400B3A286 /* AppDelegate.swift */,
			);
			name = "suuport File";
			sourceTree = "<group>";
		};
/* End PBXGroup section */

/* Begin PBXNativeTarget section */
		D0A927FC1CF004B400B3A286 /* FaceIt */ = {
			isa = PBXNativeTarget;
			buildConfigurationList = D0A9280F1CF004B400B3A286 /* Build configuration list for PBXNativeTarget "FaceIt" */;
			buildPhases = (
				D0A927F91CF004B400B3A286 /* Sources */,
				D0A927FA1CF004B400B3A286 /* Frameworks */,
				D0A927FB1CF004B400B3A286 /* Resources */,
			);
			buildRules = (
			);
			dependencies = (
			);
			name = FaceIt;
			productName = FaceIt;
			productReference = D0A927FD1CF004B400B3A286 /* FaceIt.app */;
			productType = "com.apple.product-type.application";
		};
/* End PBXNativeTarget section */

/* Begin PBXProject section */
		D0A927F51CF004B400B3A286 /* Project object */ = {
			isa = PBXProject;
			attributes = {
				LastSwiftUpdateCheck = 0730;
				LastUpgradeCheck = 0730;
				ORGANIZATIONNAME = Din;
				TargetAttributes = {
					D0A927FC1CF004B400B3A286 = {
						CreatedOnToolsVersion = 7.3.1;
						DevelopmentTeam = N7BE72QDW7;
					};
				};
			};
			buildConfigurationList = D0A927F81CF004B400B3A286 /* Build configuration list for PBXProject "FaceIt" */;
			compatibilityVersion = "Xcode 3.2";
			developmentRegion = English;
			hasScannedForEncodings = 0;
			knownRegions = (
				en,
				Base,
			);
			mainGroup = D0A927F41CF004B400B3A286;
			productRefGroup = D0A927FE1CF004B400B3A286 /* Products */;
			projectDirPath = "";
			projectRoot = "";
			targets = (
				D0A927FC1CF004B400B3A286 /* FaceIt */,
			);
		};
/* End PBXProject section */

/* Begin PBXResourcesBuildPhase section */
		D0A927FB1CF004B400B3A286 /* Resources */ = {
			isa = PBXResourcesBuildPhase;
			buildActionMask = 2147483647;
			files = (
				D0A9280B1CF004B400B3A286 /* LaunchScreen.storyboard in Resources */,
				D0A928081CF004B400B3A286 /* Assets.xcassets in Resources */,
				D0A928061CF004B400B3A286 /* Main.storyboard in Resources */,
			);
			runOnlyForDeploymentPostprocessing = 0;
		};
/* End PBXResourcesBuildPhase section */

/* Begin PBXSourcesBuildPhase section */
		D0A927F91CF004B400B3A286 /* Sources */ = {
			isa = PBXSourcesBuildPhase;
			buildActionMask = 2147483647;
			files = (
				D0A928031CF004B400B3A286 /* FaceViewController.swift in Sources */,
				D00D84551CF84387004DF1EF /* facialExpression.swift in Sources */,
				D0A928011CF004B400B3A286 /* AppDelegate.swift in Sources */,
				D0A928141CF005F200B3A286 /* FaceView.swift in Sources */,
			);
			runOnlyForDeploymentPostprocessing = 0;
		};
/* End PBXSourcesBuildPhase section */

/* Begin PBXVariantGroup section */
		D0A928041CF004B400B3A286 /* Main.storyboard */ = {
			isa = PBXVariantGroup;
			children = (
				D0A928051CF004B400B3A286 /* Base */,
			);
			name = Main.storyboard;
			sourceTree = "<group>";
		};
		D0A928091CF004B400B3A286 /* LaunchScreen.storyboard */ = {
			isa = PBXVariantGroup;
			children = (
				D0A9280A1CF004B400B3A286 /* Base */,
			);
			name = LaunchScreen.storyboard;
			sourceTree = "<group>";
		};
/* End PBXVariantGroup section */

/* Begin XCBuildConfiguration section */
		D0A9280D1CF004B400B3A286 /* Debug */ = {
			isa = XCBuildConfiguration;
			buildSettings = {
				ALWAYS_SEARCH_USER_PATHS = NO;
				CLANG_ANALYZER_NONNULL = YES;
				CLANG_CXX_LANGUAGE_STANDARD = "gnu++0x";
				CLANG_CXX_LIBRARY = "libc++";
				CLANG_ENABLE_MODULES = YES;
				CLANG_ENABLE_OBJC_ARC = YES;
				CLANG_WARN_BOOL_CONVERSION = YES;
				CLANG_WARN_CONSTANT_CONVERSION = YES;
				CLANG_WARN_DIRECT_OBJC_ISA_USAGE = YES_ERROR;
				CLANG_WARN_EMPTY_BODY = YES;
				CLANG_WARN_ENUM_CONVERSION = YES;
				CLANG_WARN_INT_CONVERSION = YES;
				CLANG_WARN_OBJC_ROOT_CLASS = YES_ERROR;
				CLANG_WARN_UNREACHABLE_CODE = YES;
				CLANG_WARN__DUPLICATE_METHOD_MATCH = YES;
				"CODE_SIGN_IDENTITY[sdk=iphoneos*]" = "iPhone Developer";
				COPY_PHASE_STRIP = NO;
				DEBUG_INFORMATION_FORMAT = dwarf;
				ENABLE_STRICT_OBJC_MSGSEND = YES;
				ENABLE_TESTABILITY = YES;
				GCC_C_LANGUAGE_STANDARD = gnu99;
				GCC_DYNAMIC_NO_PIC = NO;
				GCC_NO_COMMON_BLOCKS = YES;
				GCC_OPTIMIZATION_LEVEL = 0;
				GCC_PREPROCESSOR_DEFINITIONS = (
					"DEBUG=1",
					"$(inherited)",
				);
				GCC_WARN_64_TO_32_BIT_CONVERSION = YES;
				GCC_WARN_ABOUT_RETURN_TYPE = YES_ERROR;
				GCC_WARN_UNDECLARED_SELECTOR = YES;
				GCC_WARN_UNINITIALIZED_AUTOS = YES_AGGRESSIVE;
				GCC_WARN_UNUSED_FUNCTION = YES;
				GCC_WARN_UNUSED_VARIABLE = YES;
				IPHONEOS_DEPLOYMENT_TARGET = 9.3;
				MTL_ENABLE_DEBUG_INFO = YES;
				ONLY_ACTIVE_ARCH = YES;
				SDKROOT = iphoneos;
				SWIFT_OPTIMIZATION_LEVEL = "-Onone";
				TARGETED_DEVICE_FAMILY = "1,2";
			};
			name = Debug;
		};
		D0A9280E1CF004B400B3A286 /* Release */ = {
			isa = XCBuildConfiguration;
			buildSettings = {
				ALWAYS_SEARCH_USER_PATHS = NO;
				CLANG_ANALYZER_NONNULL = YES;
				CLANG_CXX_LANGUAGE_STANDARD = "gnu++0x";
				CLANG_CXX_LIBRARY = "libc++";
				CLANG_ENABLE_MODULES = YES;
				CLANG_ENABLE_OBJC_ARC = YES;
				CLANG_WARN_BOOL_CONVERSION = YES;
				CLANG_WARN_CONSTANT_CONVERSION = YES;
				CLANG_WARN_DIRECT_OBJC_ISA_USAGE = YES_ERROR;
				CLANG_WARN_EMPTY_BODY = YES;
				CLANG_WARN_ENUM_CONVERSION = YES;
				CLANG_WARN_INT_CONVERSION = YES;
				CLANG_WARN_OBJC_ROOT_CLASS = YES_ERROR;
				CLANG_WARN_UNREACHABLE_CODE = YES;
				CLANG_WARN__DUPLICATE_METHOD_MATCH = YES;
				"CODE_SIGN_IDENTITY[sdk=iphoneos*]" = "iPhone Developer";
				COPY_PHASE_STRIP = NO;
				DEBUG_INFORMATION_FORMAT = "dwarf-with-dsym";
				ENABLE_NS_ASSERTIONS = NO;
				ENABLE_STRICT_OBJC_MSGSEND = YES;
				GCC_C_LANGUAGE_STANDARD = gnu99;
				GCC_NO_COMMON_BLOCKS = YES;
				GCC_WARN_64_TO_32_BIT_CONVERSION = YES;
				GCC_WARN_ABOUT_RETURN_TYPE = YES_ERROR;
				GCC_WARN_UNDECLARED_SELECTOR = YES;
				GCC_WARN_UNINITIALIZED_AUTOS = YES_AGGRESSIVE;
				GCC_WARN_UNUSED_FUNCTION = YES;
				GCC_WARN_UNUSED_VARIABLE = YES;
				IPHONEOS_DEPLOYMENT_TARGET = 9.3;
				MTL_ENABLE_DEBUG_INFO = NO;
				SDKROOT = iphoneos;
				TARGETED_DEVICE_FAMILY = "1,2";
				VALIDATE_PRODUCT = YES;
			};
			name = Release;
		};
		D0A928101CF004B400B3A286 /* Debug */ = {
			isa = XCBuildConfiguration;
			buildSettings = {
				ASSETCATALOG_COMPILER_APPICON_NAME = AppIcon;
				INFOPLIST_FILE = FaceIt/Info.plist;
				LD_RUNPATH_SEARCH_PATHS = "$(inherited) @executable_path/Frameworks";
				PRODUCT_BUNDLE_IDENTIFIER = goodieas.FaceIt;
				PRODUCT_NAME = "$(TARGET_NAME)";
			};
			name = Debug;
		};
		D0A928111CF004B400B3A286 /* Release */ = {
			isa = XCBuildConfiguration;
			buildSettings = {
				ASSETCATALOG_COMPILER_APPICON_NAME = AppIcon;
				INFOPLIST_FILE = FaceIt/Info.plist;
				LD_RUNPATH_SEARCH_PATHS = "$(inherited) @executable_path/Frameworks";
				PRODUCT_BUNDLE_IDENTIFIER = goodieas.FaceIt;
				PRODUCT_NAME = "$(TARGET_NAME)";
			};
			name = Release;
		};
/* End XCBuildConfiguration section */

/* Begin XCConfigurationList section */
		D0A927F81CF004B400B3A286 /* Build configuration list for PBXProject "FaceIt" */ = {
			isa = XCConfigurationList;
			buildConfigurations = (
				D0A9280D1CF004B400B3A286 /* Debug */,
				D0A9280E1CF004B400B3A286 /* Release */,
			);
			defaultConfigurationIsVisible = 0;
			defaultConfigurationName = Release;
		};
		D0A9280F1CF004B400B3A286 /* Build configuration list for PBXNativeTarget "FaceIt" */ = {
			isa = XCConfigurationList;
			buildConfigurations = (
				D0A928101CF004B400B3A286 /* Debug */,
				D0A928111CF004B400B3A286 /* Release */,
			);
			defaultConfigurationIsVisible = 0;
			defaultConfigurationName = Release;
		};
/* End XCConfigurationList section */
	};
	rootObject = D0A927F51CF004B400B3A286 /* Project object */;
}
